{
  "originHash" : "62c3c6ae19d6988d3ba12377206743efbdc2df527e15dfa7818554ddcaf09d47",
  "pins" : [
    {
      "identity" : "wwnetworking",
      "kind" : "remoteSourceControl",
      "location" : "https://github.com/William-Weng/WWNetworking.git",
      "state" : {
        "revision" : "77b572ec57cddb9c24dfb42c4bfa56fda98269ac",
        "version" : "1.7.6"
      }
    },
    {
      "identity" : "wwsystemstatus",
      "kind" : "remoteSourceControl",
      "location" : "https://github.com/William-Weng/WWSystemStatus",
      "state" : {
        "revision" : "1f7373d7121e7506d691101f097af5c0a938acb0",
        "version" : "1.0.1"
      }
    }
  ],
  "version" : 3
}
